
Microsoft Visual Studio Solution File, Format Version 12.00
# Visual Studio Version 16
VisualStudioVersion = 16.0.31112.23
MinimumVisualStudioVersion = 10.0.40219.1
Project("{9A19103F-16F7-4668-BE54-9A1E7A4F7556}") = "AmbientRouteValuesDotNet2.1", "AmbientRouteValuesDotNet2.1\AmbientRouteValuesDotNet2.1.csproj", "{FE9003A3-2CA3-4838-AA6B-6C92E5894AFD}"
EndProject
Project("{FAE04EC0-301F-11D3-BF4B-00C04F79EFBC}") = "AmbientRouteValuesDotNet3.1", "AmbientRouteValuesDotNet3.1\AmbientRouteValuesDotNet3.1.csproj", "{8F277C92-65BF-4CAF-8214-8C7B14AF8FF5}"
EndProject
Global
	GlobalSection(SolutionConfigurationPlatforms) = preSolution
		Debug|Any CPU = Debug|Any CPU
		Release|Any CPU = Release|Any CPU
	EndGlobalSection
	GlobalSection(ProjectConfigurationPlatforms) = postSolution
		{FE9003A3-2CA3-4838-AA6B-6C92E5894AFD}.Debug|Any CPU.ActiveCfg = Debug|Any CPU
		{FE9003A3-2CA3-4838-AA6B-6C92E5894AFD}.Debug|Any CPU.Build.0 = Debug|Any CPU
		{FE9003A3-2CA3-4838-AA6B-6C92E5894AFD}.Release|Any CPU.ActiveCfg = Release|Any CPU
		{FE9003A3-2CA3-4838-AA6B-6C92E5894AFD}.Release|Any CPU.Build.0 = Release|Any CPU
		{8F277C92-65BF-4CAF-8214-8C7B14AF8FF5}.Debug|Any CPU.ActiveCfg = Debug|Any CPU
		{8F277C92-65BF-4CAF-8214-8C7B14AF8FF5}.Debug|Any CPU.Build.0 = Debug|Any CPU
		{8F277C92-65BF-4CAF-8214-8C7B14AF8FF5}.Release|Any CPU.ActiveCfg = Release|Any CPU
		{8F277C92-65BF-4CAF-8214-8C7B14AF8FF5}.Release|Any CPU.Build.0 = Release|Any CPU
	EndGlobalSection
	GlobalSection(SolutionProperties) = preSolution
		HideSolutionNode = FALSE
	EndGlobalSection
	GlobalSection(ExtensibilityGlobals) = postSolution
		SolutionGuid = {F7F6EB32-EE07-4BCA-B1C6-86D7BC28D6D8}
	EndGlobalSection
EndGlobal
